// !$*UTF8*$!
{
	archiveVersion = 1;
	classes = {
	};
	objectVersion = 50;
	objects = {

/* Begin PBXBuildFile section */
		7E044B1D22353B3D00E62662 /* LocationVC.swift in Sources */ = {isa = PBXBuildFile; fileRef = 7E044B1C22353B3D00E62662 /* LocationVC.swift */; };
		7E0CA8A6223520FE006562A1 /* AppDelegate.swift in Sources */ = {isa = PBXBuildFile; fileRef = 7E0CA8A5223520FE006562A1 /* AppDelegate.swift */; };
		7E0CA8A8223520FE006562A1 /* BeginRunVC.swift in Sources */ = {isa = PBXBuildFile; fileRef = 7E0CA8A7223520FE006562A1 /* BeginRunVC.swift */; };
		7E0CA8AA223520FE006562A1 /* RunLogVC.swift in Sources */ = {isa = PBXBuildFile; fileRef = 7E0CA8A9223520FE006562A1 /* RunLogVC.swift */; };
		7E0CA8AD223520FF006562A1 /* Main.storyboard in Resources */ = {isa = PBXBuildFile; fileRef = 7E0CA8AB223520FF006562A1 /* Main.storyboard */; };
		7E0CA8AF2235210A006562A1 /* Assets.xcassets in Resources */ = {isa = PBXBuildFile; fileRef = 7E0CA8AE2235210A006562A1 /* Assets.xcassets */; };
		7E0CA8B22235210A006562A1 /* LaunchScreen.storyboard in Resources */ = {isa = PBXBuildFile; fileRef = 7E0CA8B02235210A006562A1 /* LaunchScreen.storyboard */; };
/* End PBXBuildFile section */

/* Begin PBXFileReference section */
		7E044B1C22353B3D00E62662 /* LocationVC.swift */ = {isa = PBXFileReference; lastKnownFileType = sourcecode.swift; path = LocationVC.swift; sourceTree = "<group>"; };
		7E0CA8A2223520FE006562A1 /* Threads.app */ = {isa = PBXFileReference; explicitFileType = wrapper.application; includeInIndex = 0; path = Threads.app; sourceTree = BUILT_PRODUCTS_DIR; };
		7E0CA8A5223520FE006562A1 /* AppDelegate.swift */ = {isa = PBXFileReference; lastKnownFileType = sourcecode.swift; path = AppDelegate.swift; sourceTree = "<group>"; };
		7E0CA8A7223520FE006562A1 /* BeginRunVC.swift */ = {isa = PBXFileReference; lastKnownFileType = sourcecode.swift; path = BeginRunVC.swift; sourceTree = "<group>"; };
		7E0CA8A9223520FE006562A1 /* RunLogVC.swift */ = {isa = PBXFileReference; lastKnownFileType = sourcecode.swift; path = RunLogVC.swift; sourceTree = "<group>"; };
		7E0CA8AC223520FF006562A1 /* Base */ = {isa = PBXFileReference; lastKnownFileType = file.storyboard; name = Base; path = Base.lproj/Main.storyboard; sourceTree = "<group>"; };
		7E0CA8AE2235210A006562A1 /* Assets.xcassets */ = {isa = PBXFileReference; lastKnownFileType = folder.assetcatalog; path = Assets.xcassets; sourceTree = "<group>"; };
		7E0CA8B12235210A006562A1 /* Base */ = {isa = PBXFileReference; lastKnownFileType = file.storyboard; name = Base; path = Base.lproj/LaunchScreen.storyboard; sourceTree = "<group>"; };
		7E0CA8B32235210A006562A1 /* Info.plist */ = {isa = PBXFileReference; lastKnownFileType = text.plist.xml; path = Info.plist; sourceTree = "<group>"; };
/* End PBXFileReference section */

/* Begin PBXFrameworksBuildPhase section */
		7E0CA89F223520FE006562A1 /* Frameworks */ = {
			isa = PBXFrameworksBuildPhase;
			buildActionMask = 2147483647;
			files = (
			);
			runOnlyForDeploymentPostprocessing = 0;
		};
/* End PBXFrameworksBuildPhase section */

/* Begin PBXGroup section */
		7E044B17223524AE00E62662 /* Extensions */ = {
			isa = PBXGroup;
			children = (
			);
			path = Extensions;
			sourceTree = "<group>";
		};
		7E044B18223524BB00E62662 /* Utilities */ = {
			isa = PBXGroup;
			children = (
			);
			path = Utilities;
			sourceTree = "<group>";
		};
		7E044B19223524C400E62662 /* Controller */ = {
			isa = PBXGroup;
			children = (
				7E044B1C22353B3D00E62662 /* LocationVC.swift */,
				7E0CA8A7223520FE006562A1 /* BeginRunVC.swift */,
				7E0CA8A9223520FE006562A1 /* RunLogVC.swift */,
			);
			path = Controller;
			sourceTree = "<group>";
		};
		7E044B1A223524D100E62662 /* View */ = {
			isa = PBXGroup;
			children = (
			);
			path = View;
			sourceTree = "<group>";
		};
		7E044B1B223524D600E62662 /* Model */ = {
			isa = PBXGroup;
			children = (
			);
			path = Model;
			sourceTree = "<group>";
		};
		7E0CA899223520FC006562A1 = {
			isa = PBXGroup;
			children = (
				7E0CA8A4223520FE006562A1 /* Threads */,
				7E0CA8A3223520FE006562A1 /* Products */,
			);
			sourceTree = "<group>";
		};
		7E0CA8A3223520FE006562A1 /* Products */ = {
			isa = PBXGroup;
			children = (
				7E0CA8A2223520FE006562A1 /* Threads.app */,
			);
			name = Products;
			sourceTree = "<group>";
		};
		7E0CA8A4223520FE006562A1 /* Threads */ = {
			isa = PBXGroup;
			children = (
				7E044B1B223524D600E62662 /* Model */,
				7E044B1A223524D100E62662 /* View */,
				7E044B19223524C400E62662 /* Controller */,
				7E044B18223524BB00E62662 /* Utilities */,
				7E044B17223524AE00E62662 /* Extensions */,
				7E0CA8A5223520FE006562A1 /* AppDelegate.swift */,
				7E0CA8AB223520FF006562A1 /* Main.storyboard */,
				7E0CA8AE2235210A006562A1 /* Assets.xcassets */,
				7E0CA8B02235210A006562A1 /* LaunchScreen.storyboard */,
				7E0CA8B32235210A006562A1 /* Info.plist */,
			);
			path = Threads;
			sourceTree = "<group>";
		};
/* End PBXGroup section */

/* Begin PBXNativeTarget section */
		7E0CA8A1223520FE006562A1 /* Threads */ = {
			isa = PBXNativeTarget;
			buildConfigurationList = 7E0CA8B62235210A006562A1 /* Build configuration list for PBXNativeTarget "Threads" */;
			buildPhases = (
				7E0CA89E223520FE006562A1 /* Sources */,
				7E0CA89F223520FE006562A1 /* Frameworks */,
				7E0CA8A0223520FE006562A1 /* Resources */,
			);
			buildRules = (
			);
			dependencies = (
			);
			name = Threads;
			productName = Threads;
			productReference = 7E0CA8A2223520FE006562A1 /* Threads.app */;
			productType = "com.apple.product-type.application";
		};
/* End PBXNativeTarget section */

/* Begin PBXProject section */
		7E0CA89A223520FC006562A1 /* Project object */ = {
			isa = PBXProject;
			attributes = {
				LastSwiftUpdateCheck = 1010;
				LastUpgradeCheck = 1010;
				ORGANIZATIONNAME = "Artur Ratajczak";
				TargetAttributes = {
					7E0CA8A1223520FE006562A1 = {
						CreatedOnToolsVersion = 10.1;
					};
				};
			};
			buildConfigurationList = 7E0CA89D223520FC006562A1 /* Build configuration list for PBXProject "Threads" */;
			compatibilityVersion = "Xcode 9.3";
			developmentRegion = en;
			hasScannedForEncodings = 0;
			knownRegions = (
				en,
				Base,
			);
			mainGroup = 7E0CA899223520FC006562A1;
			productRefGroup = 7E0CA8A3223520FE006562A1 /* Products */;
			projectDirPath = "";
			projectRoot = "";
			targets = (
				7E0CA8A1223520FE006562A1 /* Threads */,
			);
		};
/* End PBXProject section */

/* Begin PBXResourcesBuildPhase section */
		7E0CA8A0223520FE006562A1 /* Resources */ = {
			isa = PBXResourcesBuildPhase;
			buildActionMask = 2147483647;
			files = (
				7E0CA8B22235210A006562A1 /* LaunchScreen.storyboard in Resources */,
				7E0CA8AF2235210A006562A1 /* Assets.xcassets in Resources */,
				7E0CA8AD223520FF006562A1 /* Main.storyboard in Resources */,
			);
			runOnlyForDeploymentPostprocessing = 0;
		};
/* End PBXResourcesBuildPhase section */

/* Begin PBXSourcesBuildPhase section */
		7E0CA89E223520FE006562A1 /* Sources */ = {
			isa = PBXSourcesBuildPhase;
			buildActionMask = 2147483647;
			files = (
				7E0CA8AA223520FE006562A1 /* RunLogVC.swift in Sources */,
				7E044B1D22353B3D00E62662 /* LocationVC.swift in Sources */,
				7E0CA8A6223520FE006562A1 /* AppDelegate.swift in Sources */,
				7E0CA8A8223520FE006562A1 /* BeginRunVC.swift in Sources */,
			);
			runOnlyForDeploymentPostprocessing = 0;
		};
/* End PBXSourcesBuildPhase section */

/* Begin PBXVariantGroup section */
		7E0CA8AB223520FF006562A1 /* Main.storyboard */ = {
			isa = PBXVariantGroup;
			children = (
				7E0CA8AC223520FF006562A1 /* Base */,
			);
			name = Main.storyboard;
			sourceTree = "<group>";
		};
		7E0CA8B02235210A006562A1 /* LaunchScreen.storyboard */ = {
			isa = PBXVariantGroup;
			children = (
				7E0CA8B12235210A006562A1 /* Base */,
			);
			name = LaunchScreen.storyboard;
			sourceTree = "<group>";
		};
/* End PBXVariantGroup section */

/* Begin XCBuildConfiguration section */
		7E0CA8B42235210A006562A1 /* Debug */ = {
			isa = XCBuildConfiguration;
			buildSettings = {
				ALWAYS_SEARCH_USER_PATHS = NO;
				CLANG_ANALYZER_NONNULL = YES;
				CLANG_ANALYZER_NUMBER_OBJECT_CONVERSION = YES_AGGRESSIVE;
				CLANG_CXX_LANGUAGE_STANDARD = "gnu++14";
				CLANG_CXX_LIBRARY = "libc++";
				CLANG_ENABLE_MODULES = YES;
				CLANG_ENABLE_OBJC_ARC = YES;
				CLANG_ENABLE_OBJC_WEAK = YES;
				CLANG_WARN_BLOCK_CAPTURE_AUTORELEASING = YES;
				CLANG_WARN_BOOL_CONVERSION = YES;
				CLANG_WARN_COMMA = YES;
				CLANG_WARN_CONSTANT_CONVERSION = YES;
				CLANG_WARN_DEPRECATED_OBJC_IMPLEMENTATIONS = YES;
				CLANG_WARN_DIRECT_OBJC_ISA_USAGE = YES_ERROR;
				CLANG_WARN_DOCUMENTATION_COMMENTS = YES;
				CLANG_WARN_EMPTY_BODY = YES;
				CLANG_WARN_ENUM_CONVERSION = YES;
				CLANG_WARN_INFINITE_RECURSION = YES;
				CLANG_WARN_INT_CONVERSION = YES;
				CLANG_WARN_NON_LITERAL_NULL_CONVERSION = YES;
				CLANG_WARN_OBJC_IMPLICIT_RETAIN_SELF = YES;
				CLANG_WARN_OBJC_LITERAL_CONVERSION = YES;
				CLANG_WARN_OBJC_ROOT_CLASS = YES_ERROR;
				CLANG_WARN_RANGE_LOOP_ANALYSIS = YES;
				CLANG_WARN_STRICT_PROTOTYPES = YES;
				CLANG_WARN_SUSPICIOUS_MOVE = YES;
				CLANG_WARN_UNGUARDED_AVAILABILITY = YES_AGGRESSIVE;
				CLANG_WARN_UNREACHABLE_CODE = YES;
				CLANG_WARN__DUPLICATE_METHOD_MATCH = YES;
				CODE_SIGN_IDENTITY = "iPhone Developer";
				COPY_PHASE_STRIP = NO;
				DEBUG_INFORMATION_FORMAT = dwarf;
				ENABLE_STRICT_OBJC_MSGSEND = YES;
				ENABLE_TESTABILITY = YES;
				GCC_C_LANGUAGE_STANDARD = gnu11;
				GCC_DYNAMIC_NO_PIC = NO;
				GCC_NO_COMMON_BLOCKS = YES;
				GCC_OPTIMIZATION_LEVEL = 0;
				GCC_PREPROCESSOR_DEFINITIONS = (
					"DEBUG=1",
					"$(inherited)",
				);
				GCC_WARN_64_TO_32_BIT_CONVERSION = YES;
				GCC_WARN_ABOUT_RETURN_TYPE = YES_ERROR;
				GCC_WARN_UNDECLARED_SELECTOR = YES;
				GCC_WARN_UNINITIALIZED_AUTOS = YES_AGGRESSIVE;
				GCC_WARN_UNUSED_FUNCTION = YES;
				GCC_WARN_UNUSED_VARIABLE = YES;
				IPHONEOS_DEPLOYMENT_TARGET = 12.1;
				MTL_ENABLE_DEBUG_INFO = INCLUDE_SOURCE;
				MTL_FAST_MATH = YES;
				ONLY_ACTIVE_ARCH = YES;
				SDKROOT = iphoneos;
				SWIFT_ACTIVE_COMPILATION_CONDITIONS = DEBUG;
				SWIFT_OPTIMIZATION_LEVEL = "-Onone";
			};
			name = Debug;
		};
		7E0CA8B52235210A006562A1 /* Release */ = {
			isa = XCBuildConfiguration;
			buildSettings = {
				ALWAYS_SEARCH_USER_PATHS = NO;
				CLANG_ANALYZER_NONNULL = YES;
				CLANG_ANALYZER_NUMBER_OBJECT_CONVERSION = YES_AGGRESSIVE;
				CLANG_CXX_LANGUAGE_STANDARD = "gnu++14";
				CLANG_CXX_LIBRARY = "libc++";
				CLANG_ENABLE_MODULES = YES;
				CLANG_ENABLE_OBJC_ARC = YES;
				CLANG_ENABLE_OBJC_WEAK = YES;
				CLANG_WARN_BLOCK_CAPTURE_AUTORELEASING = YES;
				CLANG_WARN_BOOL_CONVERSION = YES;
				CLANG_WARN_COMMA = YES;
				CLANG_WARN_CONSTANT_CONVERSION = YES;
				CLANG_WARN_DEPRECATED_OBJC_IMPLEMENTATIONS = YES;
				CLANG_WARN_DIRECT_OBJC_ISA_USAGE = YES_ERROR;
				CLANG_WARN_DOCUMENTATION_COMMENTS = YES;
				CLANG_WARN_EMPTY_BODY = YES;
				CLANG_WARN_ENUM_CONVERSION = YES;
				CLANG_WARN_INFINITE_RECURSION = YES;
				CLANG_WARN_INT_CONVERSION = YES;
				CLANG_WARN_NON_LITERAL_NULL_CONVERSION = YES;
				CLANG_WARN_OBJC_IMPLICIT_RETAIN_SELF = YES;
				CLANG_WARN_OBJC_LITERAL_CONVERSION = YES;
				CLANG_WARN_OBJC_ROOT_CLASS = YES_ERROR;
				CLANG_WARN_RANGE_LOOP_ANALYSIS = YES;
				CLANG_WARN_STRICT_PROTOTYPES = YES;
				CLANG_WARN_SUSPICIOUS_MOVE = YES;
				CLANG_WARN_UNGUARDED_AVAILABILITY = YES_AGGRESSIVE;
				CLANG_WARN_UNREACHABLE_CODE = YES;
				CLANG_WARN__DUPLICATE_METHOD_MATCH = YES;
				CODE_SIGN_IDENTITY = "iPhone Developer";
				COPY_PHASE_STRIP = NO;
				DEBUG_INFORMATION_FORMAT = "dwarf-with-dsym";
				ENABLE_NS_ASSERTIONS = NO;
				ENABLE_STRICT_OBJC_MSGSEND = YES;
				GCC_C_LANGUAGE_STANDARD = gnu11;
				GCC_NO_COMMON_BLOCKS = YES;
				GCC_WARN_64_TO_32_BIT_CONVERSION = YES;
				GCC_WARN_ABOUT_RETURN_TYPE = YES_ERROR;
				GCC_WARN_UNDECLARED_SELECTOR = YES;
				GCC_WARN_UNINITIALIZED_AUTOS = YES_AGGRESSIVE;
				GCC_WARN_UNUSED_FUNCTION = YES;
				GCC_WARN_UNUSED_VARIABLE = YES;
				IPHONEOS_DEPLOYMENT_TARGET = 12.1;
				MTL_ENABLE_DEBUG_INFO = NO;
				MTL_FAST_MATH = YES;
				SDKROOT = iphoneos;
				SWIFT_COMPILATION_MODE = wholemodule;
				SWIFT_OPTIMIZATION_LEVEL = "-O";
				VALIDATE_PRODUCT = YES;
			};
			name = Release;
		};
		7E0CA8B72235210A006562A1 /* Debug */ = {
			isa = XCBuildConfiguration;
			buildSettings = {
				ASSETCATALOG_COMPILER_APPICON_NAME = AppIcon;
				CODE_SIGN_STYLE = Automatic;
				INFOPLIST_FILE = Threads/Info.plist;
				LD_RUNPATH_SEARCH_PATHS = (
					"$(inherited)",
					"@executable_path/Frameworks",
				);
				PRODUCT_BUNDLE_IDENTIFIER = ratajczak.artur.Threads;
				PRODUCT_NAME = "$(TARGET_NAME)";
				SWIFT_VERSION = 4.2;
				TARGETED_DEVICE_FAMILY = "1,2";
			};
			name = Debug;
		};
		7E0CA8B82235210A006562A1 /* Release */ = {
			isa = XCBuildConfiguration;
			buildSettings = {
				ASSETCATALOG_COMPILER_APPICON_NAME = AppIcon;
				CODE_SIGN_STYLE = Automatic;
				INFOPLIST_FILE = Threads/Info.plist;
				LD_RUNPATH_SEARCH_PATHS = (
					"$(inherited)",
					"@executable_path/Frameworks",
				);
				PRODUCT_BUNDLE_IDENTIFIER = ratajczak.artur.Threads;
				PRODUCT_NAME = "$(TARGET_NAME)";
				SWIFT_VERSION = 4.2;
				TARGETED_DEVICE_FAMILY = "1,2";
			};
			name = Release;
		};
/* End XCBuildConfiguration section */

/* Begin XCConfigurationList section */
		7E0CA89D223520FC006562A1 /* Build configuration list for PBXProject "Threads" */ = {
			isa = XCConfigurationList;
			buildConfigurations = (
				7E0CA8B42235210A006562A1 /* Debug */,
				7E0CA8B52235210A006562A1 /* Release */,
			);
			defaultConfigurationIsVisible = 0;
			defaultConfigurationName = Release;
		};
		7E0CA8B62235210A006562A1 /* Build configuration list for PBXNativeTarget "Threads" */ = {
			isa = XCConfigurationList;
			buildConfigurations = (
				7E0CA8B72235210A006562A1 /* Debug */,
				7E0CA8B82235210A006562A1 /* Release */,
			);
			defaultConfigurationIsVisible = 0;
			defaultConfigurationName = Release;
		};
/* End XCConfigurationList section */
	};
	rootObject = 7E0CA89A223520FC006562A1 /* Project object */;
}
